// !$*UTF8*$!
{
	archiveVersion = 1;
	classes = {
	};
	objectVersion = 56;
	objects = {

/* Begin PBXBuildFile section */
		C1030AF32BE51F2F0015820C /* AuthenticationViewModel.swift in Sources */ = {isa = PBXBuildFile; fileRef = C1030AF22BE51F2F0015820C /* AuthenticationViewModel.swift */; };
		C1030AF62BE522DA0015820C /* AuthenticationService.swift in Sources */ = {isa = PBXBuildFile; fileRef = C1030AF52BE522D90015820C /* AuthenticationService.swift */; };
		C1030AF92BE524740015820C /* Alamofire in Frameworks */ = {isa = PBXBuildFile; productRef = C1030AF82BE524740015820C /* Alamofire */; };
		C1030AFE2BE5252F0015820C /* AuthResponse.swift in Sources */ = {isa = PBXBuildFile; fileRef = C1030AFD2BE5252F0015820C /* AuthResponse.swift */; };
		C1030B032BE549B90015820C /* RealmSwift in Frameworks */ = {isa = PBXBuildFile; productRef = C1030B022BE549B90015820C /* RealmSwift */; };
		C1030B062BE54A4B0015820C /* UserDB.swift in Sources */ = {isa = PBXBuildFile; fileRef = C1030B052BE54A4B0015820C /* UserDB.swift */; };
		C1030B082BE54AB00015820C /* User.swift in Sources */ = {isa = PBXBuildFile; fileRef = C1030B072BE54AB00015820C /* User.swift */; };
		C1030B0B2BE57AFB0015820C /* RealmSwift in Embed Frameworks */ = {isa = PBXBuildFile; productRef = C1030B022BE549B90015820C /* RealmSwift */; settings = {ATTRIBUTES = (CodeSignOnCopy, ); }; };
		C1030B0D2BE690470015820C /* RealmExtension.swift in Sources */ = {isa = PBXBuildFile; fileRef = C1030B0C2BE690470015820C /* RealmExtension.swift */; };
		C12C4A912B49884400E0B1D2 /* UITextFieldExtension.swift in Sources */ = {isa = PBXBuildFile; fileRef = C12C4A902B49884400E0B1D2 /* UITextFieldExtension.swift */; };
		C12C4A932B49887400E0B1D2 /* UIColorExtension.swift in Sources */ = {isa = PBXBuildFile; fileRef = C12C4A922B49887400E0B1D2 /* UIColorExtension.swift */; };
		C16D39FA2CFC80B30087F3CB /* RestaurantsService.swift in Sources */ = {isa = PBXBuildFile; fileRef = C16D39F92CFC80B30087F3CB /* RestaurantsService.swift */; };
		C16D39FD2CFCAE4F0087F3CB /* Restaurant.swift in Sources */ = {isa = PBXBuildFile; fileRef = C16D39FC2CFCAE4F0087F3CB /* Restaurant.swift */; };
		C16D3A012CFCB0010087F3CB /* RestaurantViewModel.swift in Sources */ = {isa = PBXBuildFile; fileRef = C16D3A002CFCB0010087F3CB /* RestaurantViewModel.swift */; };
		C17917152C02121F0005E1B1 /* RoleView.swift in Sources */ = {isa = PBXBuildFile; fileRef = C17917142C02121F0005E1B1 /* RoleView.swift */; };
		C17917172C02122F0005E1B1 /* RoleSelectionViewController.swift in Sources */ = {isa = PBXBuildFile; fileRef = C17917162C02122F0005E1B1 /* RoleSelectionViewController.swift */; };
		C17917192C0249020005E1B1 /* RoleSelectionView.swift in Sources */ = {isa = PBXBuildFile; fileRef = C17917182C0249020005E1B1 /* RoleSelectionView.swift */; };
		C1797CBA2BF104FF000D6934 /* RealmMigrator.swift in Sources */ = {isa = PBXBuildFile; fileRef = C1797CB92BF104FF000D6934 /* RealmMigrator.swift */; };
		C17A0ADA2C5E44D2002576C4 /* CameraPuckLocationConsumer.swift in Sources */ = {isa = PBXBuildFile; fileRef = C17A0AD92C5E44D2002576C4 /* CameraPuckLocationConsumer.swift */; };
		C17A0ADC2C5E48B4002576C4 /* MapInteractionButton.swift in Sources */ = {isa = PBXBuildFile; fileRef = C17A0ADB2C5E48B4002576C4 /* MapInteractionButton.swift */; };
		C17A0ADF2C5E4922002576C4 /* CameraLocationState.swift in Sources */ = {isa = PBXBuildFile; fileRef = C17A0ADE2C5E4922002576C4 /* CameraLocationState.swift */; };
		C17A0AE52C5F8688002576C4 /* UIImageExtension.swift in Sources */ = {isa = PBXBuildFile; fileRef = C17A0AE42C5F8688002576C4 /* UIImageExtension.swift */; };
		C1C3A2C32B3B267A009014F7 /* JWTAuthentication.swift in Sources */ = {isa = PBXBuildFile; fileRef = C1C3A2C22B3B267A009014F7 /* JWTAuthentication.swift */; };
		C1C3A2C62B3B2751009014F7 /* JWTDecode in Frameworks */ = {isa = PBXBuildFile; productRef = C1C3A2C52B3B2751009014F7 /* JWTDecode */; };
		C1C3A2C92B3B2FE6009014F7 /* KeychainSwift in Frameworks */ = {isa = PBXBuildFile; productRef = C1C3A2C82B3B2FE6009014F7 /* KeychainSwift */; };
		C1C3A2CB2B3B3105009014F7 /* AuthenticationViewController.swift in Sources */ = {isa = PBXBuildFile; fileRef = C1C3A2CA2B3B3105009014F7 /* AuthenticationViewController.swift */; };
		C1C3A2D02B45AE8E009014F7 /* LogInViewController.swift in Sources */ = {isa = PBXBuildFile; fileRef = C1C3A2CF2B45AE8E009014F7 /* LogInViewController.swift */; };
		C1C3A2D22B45AE98009014F7 /* SignUpViewController.swift in Sources */ = {isa = PBXBuildFile; fileRef = C1C3A2D12B45AE98009014F7 /* SignUpViewController.swift */; };
		C1C3A2D62B45B10B009014F7 /* AuthenticationView.swift in Sources */ = {isa = PBXBuildFile; fileRef = C1C3A2D52B45B10B009014F7 /* AuthenticationView.swift */; };
		C1C3A2DA2B45B166009014F7 /* SignUpView.swift in Sources */ = {isa = PBXBuildFile; fileRef = C1C3A2D92B45B166009014F7 /* SignUpView.swift */; };
		C1C3A2DC2B45B177009014F7 /* LoginView.swift in Sources */ = {isa = PBXBuildFile; fileRef = C1C3A2DB2B45B177009014F7 /* LoginView.swift */; };
		C1DBD2202C565BDE004A1FD4 /* HomeViewController.swift in Sources */ = {isa = PBXBuildFile; fileRef = C1DBD21F2C565BDE004A1FD4 /* HomeViewController.swift */; };
		C1DBD2222C566104004A1FD4 /* MapViewController.swift in Sources */ = {isa = PBXBuildFile; fileRef = C1DBD2212C566104004A1FD4 /* MapViewController.swift */; };
		C1DBD2252C56724B004A1FD4 /* MapboxMaps in Frameworks */ = {isa = PBXBuildFile; productRef = C1DBD2242C56724B004A1FD4 /* MapboxMaps */; };
		C1DBD2282C5673C3004A1FD4 /* CustomMapView.swift in Sources */ = {isa = PBXBuildFile; fileRef = C1DBD2272C5673C3004A1FD4 /* CustomMapView.swift */; };
		C1DCDA922C1DD09B0087719B /* TabBarController.swift in Sources */ = {isa = PBXBuildFile; fileRef = C1DCDA912C1DD09B0087719B /* TabBarController.swift */; };
		C1DCDA952C1DD6190087719B /* SuccessCheckmarkView.swift in Sources */ = {isa = PBXBuildFile; fileRef = C1DCDA942C1DD6190087719B /* SuccessCheckmarkView.swift */; };
		C1E35E152B374EC6006E4AE4 /* AppDelegate.swift in Sources */ = {isa = PBXBuildFile; fileRef = C1E35E142B374EC6006E4AE4 /* AppDelegate.swift */; };
		C1E35E172B374EC6006E4AE4 /* SceneDelegate.swift in Sources */ = {isa = PBXBuildFile; fileRef = C1E35E162B374EC6006E4AE4 /* SceneDelegate.swift */; };
		C1E35E1E2B374EC7006E4AE4 /* Assets.xcassets in Resources */ = {isa = PBXBuildFile; fileRef = C1E35E1D2B374EC7006E4AE4 /* Assets.xcassets */; };
		C1F1AA5C2C15AD7C00D10982 /* RoleSelectionViewModel.swift in Sources */ = {isa = PBXBuildFile; fileRef = C1F1AA5B2C15AD7C00D10982 /* RoleSelectionViewModel.swift */; };
		C1F1AA5E2C15ADE500D10982 /* RoleSelectionService.swift in Sources */ = {isa = PBXBuildFile; fileRef = C1F1AA5D2C15ADE500D10982 /* RoleSelectionService.swift */; };
		C1FF37FB2C67B12B00AE1877 /* CreateRestaurantViewController.swift in Sources */ = {isa = PBXBuildFile; fileRef = C1FF37FA2C67B12B00AE1877 /* CreateRestaurantViewController.swift */; };
		C1FF37FD2C67B16000AE1877 /* CreateRestaurantView.swift in Sources */ = {isa = PBXBuildFile; fileRef = C1FF37FC2C67B16000AE1877 /* CreateRestaurantView.swift */; };
/* End PBXBuildFile section */

/* Begin PBXCopyFilesBuildPhase section */
		C1030B0A2BE57AFA0015820C /* Embed Frameworks */ = {
			isa = PBXCopyFilesBuildPhase;
			buildActionMask = 2147483647;
			dstPath = "";
			dstSubfolderSpec = 10;
			files = (
				C1030B0B2BE57AFB0015820C /* RealmSwift in Embed Frameworks */,
			);
			name = "Embed Frameworks";
			runOnlyForDeploymentPostprocessing = 0;
		};
/* End PBXCopyFilesBuildPhase section */

/* Begin PBXFileReference section */
		C1030AF22BE51F2F0015820C /* AuthenticationViewModel.swift */ = {isa = PBXFileReference; lastKnownFileType = sourcecode.swift; path = AuthenticationViewModel.swift; sourceTree = "<group>"; };
		C1030AF52BE522D90015820C /* AuthenticationService.swift */ = {isa = PBXFileReference; lastKnownFileType = sourcecode.swift; path = AuthenticationService.swift; sourceTree = "<group>"; };
		C1030AFD2BE5252F0015820C /* AuthResponse.swift */ = {isa = PBXFileReference; lastKnownFileType = sourcecode.swift; path = AuthResponse.swift; sourceTree = "<group>"; };
		C1030B052BE54A4B0015820C /* UserDB.swift */ = {isa = PBXFileReference; lastKnownFileType = sourcecode.swift; path = UserDB.swift; sourceTree = "<group>"; };
		C1030B072BE54AB00015820C /* User.swift */ = {isa = PBXFileReference; lastKnownFileType = sourcecode.swift; path = User.swift; sourceTree = "<group>"; };
		C1030B0C2BE690470015820C /* RealmExtension.swift */ = {isa = PBXFileReference; lastKnownFileType = sourcecode.swift; path = RealmExtension.swift; sourceTree = "<group>"; };
		C12C4A902B49884400E0B1D2 /* UITextFieldExtension.swift */ = {isa = PBXFileReference; lastKnownFileType = sourcecode.swift; path = UITextFieldExtension.swift; sourceTree = "<group>"; };
		C12C4A922B49887400E0B1D2 /* UIColorExtension.swift */ = {isa = PBXFileReference; lastKnownFileType = sourcecode.swift; path = UIColorExtension.swift; sourceTree = "<group>"; };
		C16D39F92CFC80B30087F3CB /* RestaurantsService.swift */ = {isa = PBXFileReference; lastKnownFileType = sourcecode.swift; path = RestaurantsService.swift; sourceTree = "<group>"; };
		C16D39FC2CFCAE4F0087F3CB /* Restaurant.swift */ = {isa = PBXFileReference; lastKnownFileType = sourcecode.swift; path = Restaurant.swift; sourceTree = "<group>"; };
		C16D3A002CFCB0010087F3CB /* RestaurantViewModel.swift */ = {isa = PBXFileReference; lastKnownFileType = sourcecode.swift; path = RestaurantViewModel.swift; sourceTree = "<group>"; };
		C17917142C02121F0005E1B1 /* RoleView.swift */ = {isa = PBXFileReference; lastKnownFileType = sourcecode.swift; path = RoleView.swift; sourceTree = "<group>"; };
		C17917162C02122F0005E1B1 /* RoleSelectionViewController.swift */ = {isa = PBXFileReference; lastKnownFileType = sourcecode.swift; path = RoleSelectionViewController.swift; sourceTree = "<group>"; };
		C17917182C0249020005E1B1 /* RoleSelectionView.swift */ = {isa = PBXFileReference; lastKnownFileType = sourcecode.swift; path = RoleSelectionView.swift; sourceTree = "<group>"; };
		C1797CB92BF104FF000D6934 /* RealmMigrator.swift */ = {isa = PBXFileReference; lastKnownFileType = sourcecode.swift; path = RealmMigrator.swift; sourceTree = "<group>"; };
		C17A0AD92C5E44D2002576C4 /* CameraPuckLocationConsumer.swift */ = {isa = PBXFileReference; lastKnownFileType = sourcecode.swift; path = CameraPuckLocationConsumer.swift; sourceTree = "<group>"; };
		C17A0ADB2C5E48B4002576C4 /* MapInteractionButton.swift */ = {isa = PBXFileReference; lastKnownFileType = sourcecode.swift; path = MapInteractionButton.swift; sourceTree = "<group>"; };
		C17A0ADE2C5E4922002576C4 /* CameraLocationState.swift */ = {isa = PBXFileReference; lastKnownFileType = sourcecode.swift; path = CameraLocationState.swift; sourceTree = "<group>"; };
		C17A0AE42C5F8688002576C4 /* UIImageExtension.swift */ = {isa = PBXFileReference; lastKnownFileType = sourcecode.swift; path = UIImageExtension.swift; sourceTree = "<group>"; };
		C1C3A2C22B3B267A009014F7 /* JWTAuthentication.swift */ = {isa = PBXFileReference; lastKnownFileType = sourcecode.swift; path = JWTAuthentication.swift; sourceTree = "<group>"; };
		C1C3A2CA2B3B3105009014F7 /* AuthenticationViewController.swift */ = {isa = PBXFileReference; lastKnownFileType = sourcecode.swift; path = AuthenticationViewController.swift; sourceTree = "<group>"; };
		C1C3A2CF2B45AE8E009014F7 /* LogInViewController.swift */ = {isa = PBXFileReference; lastKnownFileType = sourcecode.swift; path = LogInViewController.swift; sourceTree = "<group>"; };
		C1C3A2D12B45AE98009014F7 /* SignUpViewController.swift */ = {isa = PBXFileReference; lastKnownFileType = sourcecode.swift; path = SignUpViewController.swift; sourceTree = "<group>"; };
		C1C3A2D52B45B10B009014F7 /* AuthenticationView.swift */ = {isa = PBXFileReference; lastKnownFileType = sourcecode.swift; path = AuthenticationView.swift; sourceTree = "<group>"; };
		C1C3A2D92B45B166009014F7 /* SignUpView.swift */ = {isa = PBXFileReference; lastKnownFileType = sourcecode.swift; path = SignUpView.swift; sourceTree = "<group>"; };
		C1C3A2DB2B45B177009014F7 /* LoginView.swift */ = {isa = PBXFileReference; lastKnownFileType = sourcecode.swift; path = LoginView.swift; sourceTree = "<group>"; };
		C1DBD21F2C565BDE004A1FD4 /* HomeViewController.swift */ = {isa = PBXFileReference; lastKnownFileType = sourcecode.swift; path = HomeViewController.swift; sourceTree = "<group>"; };
		C1DBD2212C566104004A1FD4 /* MapViewController.swift */ = {isa = PBXFileReference; lastKnownFileType = sourcecode.swift; path = MapViewController.swift; sourceTree = "<group>"; };
		C1DBD2272C5673C3004A1FD4 /* CustomMapView.swift */ = {isa = PBXFileReference; lastKnownFileType = sourcecode.swift; path = CustomMapView.swift; sourceTree = "<group>"; };
		C1DCDA912C1DD09B0087719B /* TabBarController.swift */ = {isa = PBXFileReference; lastKnownFileType = sourcecode.swift; path = TabBarController.swift; sourceTree = "<group>"; };
		C1DCDA942C1DD6190087719B /* SuccessCheckmarkView.swift */ = {isa = PBXFileReference; lastKnownFileType = sourcecode.swift; path = SuccessCheckmarkView.swift; sourceTree = "<group>"; };
		C1E35E112B374EC6006E4AE4 /* FoodRescue.app */ = {isa = PBXFileReference; explicitFileType = wrapper.application; includeInIndex = 0; path = FoodRescue.app; sourceTree = BUILT_PRODUCTS_DIR; };
		C1E35E142B374EC6006E4AE4 /* AppDelegate.swift */ = {isa = PBXFileReference; lastKnownFileType = sourcecode.swift; path = AppDelegate.swift; sourceTree = "<group>"; };
		C1E35E162B374EC6006E4AE4 /* SceneDelegate.swift */ = {isa = PBXFileReference; lastKnownFileType = sourcecode.swift; path = SceneDelegate.swift; sourceTree = "<group>"; };
		C1E35E1D2B374EC7006E4AE4 /* Assets.xcassets */ = {isa = PBXFileReference; lastKnownFileType = folder.assetcatalog; path = Assets.xcassets; sourceTree = "<group>"; };
		C1E35E222B374EC7006E4AE4 /* Info.plist */ = {isa = PBXFileReference; lastKnownFileType = text.plist.xml; path = Info.plist; sourceTree = "<group>"; };
		C1F1AA5B2C15AD7C00D10982 /* RoleSelectionViewModel.swift */ = {isa = PBXFileReference; lastKnownFileType = sourcecode.swift; path = RoleSelectionViewModel.swift; sourceTree = "<group>"; };
		C1F1AA5D2C15ADE500D10982 /* RoleSelectionService.swift */ = {isa = PBXFileReference; lastKnownFileType = sourcecode.swift; path = RoleSelectionService.swift; sourceTree = "<group>"; };
		C1FF37FA2C67B12B00AE1877 /* CreateRestaurantViewController.swift */ = {isa = PBXFileReference; lastKnownFileType = sourcecode.swift; path = CreateRestaurantViewController.swift; sourceTree = "<group>"; };
		C1FF37FC2C67B16000AE1877 /* CreateRestaurantView.swift */ = {isa = PBXFileReference; lastKnownFileType = sourcecode.swift; path = CreateRestaurantView.swift; sourceTree = "<group>"; };
/* End PBXFileReference section */

/* Begin PBXFrameworksBuildPhase section */
		C1E35E0E2B374EC6006E4AE4 /* Frameworks */ = {
			isa = PBXFrameworksBuildPhase;
			buildActionMask = 2147483647;
			files = (
				C1030B032BE549B90015820C /* RealmSwift in Frameworks */,
				C1030AF92BE524740015820C /* Alamofire in Frameworks */,
				C1C3A2C92B3B2FE6009014F7 /* KeychainSwift in Frameworks */,
				C1C3A2C62B3B2751009014F7 /* JWTDecode in Frameworks */,
				C1DBD2252C56724B004A1FD4 /* MapboxMaps in Frameworks */,
			);
			runOnlyForDeploymentPostprocessing = 0;
		};
/* End PBXFrameworksBuildPhase section */

/* Begin PBXGroup section */
		C1030AF42BE522C50015820C /* Authentication */ = {
			isa = PBXGroup;
			children = (
				C1C3A2C22B3B267A009014F7 /* JWTAuthentication.swift */,
				C1030AF52BE522D90015820C /* AuthenticationService.swift */,
				C1F1AA5D2C15ADE500D10982 /* RoleSelectionService.swift */,
			);
			path = Authentication;
			sourceTree = "<group>";
		};
		C1030AFC2BE5251D0015820C /* Models */ = {
			isa = PBXGroup;
			children = (
				C1030B042BE54A030015820C /* Realm */,
				C1030AFD2BE5252F0015820C /* AuthResponse.swift */,
				C1030B072BE54AB00015820C /* User.swift */,
			);
			path = Models;
			sourceTree = "<group>";
		};
		C1030B042BE54A030015820C /* Realm */ = {
			isa = PBXGroup;
			children = (
				C1030B052BE54A4B0015820C /* UserDB.swift */,
			);
			path = Realm;
			sourceTree = "<group>";
		};
		C12C4A8F2B49881E00E0B1D2 /* Extensions */ = {
			isa = PBXGroup;
			children = (
				C12C4A902B49884400E0B1D2 /* UITextFieldExtension.swift */,
				C12C4A922B49887400E0B1D2 /* UIColorExtension.swift */,
				C1030B0C2BE690470015820C /* RealmExtension.swift */,
				C17A0AE42C5F8688002576C4 /* UIImageExtension.swift */,
			);
			path = Extensions;
			sourceTree = "<group>";
		};
		C16D39F82CFC7FBA0087F3CB /* Restaurants */ = {
			isa = PBXGroup;
			children = (
				C16D39F92CFC80B30087F3CB /* RestaurantsService.swift */,
			);
			path = Restaurants;
			sourceTree = "<group>";
		};
		C16D39FB2CFCAC340087F3CB /* Models */ = {
			isa = PBXGroup;
			children = (
				C16D39FC2CFCAE4F0087F3CB /* Restaurant.swift */,
			);
			path = Models;
			sourceTree = "<group>";
		};
		C16D39FE2CFCAFE70087F3CB /* ViewModels */ = {
			isa = PBXGroup;
			children = (
				C16D39FF2CFCAFF20087F3CB /* RestaurantViewModels */,
			);
			path = ViewModels;
			sourceTree = "<group>";
		};
		C16D39FF2CFCAFF20087F3CB /* RestaurantViewModels */ = {
			isa = PBXGroup;
			children = (
				C16D3A002CFCB0010087F3CB /* RestaurantViewModel.swift */,
			);
			path = RestaurantViewModels;
			sourceTree = "<group>";
		};
		C1797CB82BF104E8000D6934 /* Helpers */ = {
			isa = PBXGroup;
			children = (
				C1797CB92BF104FF000D6934 /* RealmMigrator.swift */,
			);
			path = Helpers;
			sourceTree = "<group>";
		};
		C17A0ADD2C5E4913002576C4 /* Utilities */ = {
			isa = PBXGroup;
			children = (
				C17A0ADE2C5E4922002576C4 /* CameraLocationState.swift */,
			);
			path = Utilities;
			sourceTree = "<group>";
		};
		C1C3A2CC2B3B31C7009014F7 /* API */ = {
			isa = PBXGroup;
			children = (
				C16D39F82CFC7FBA0087F3CB /* Restaurants */,
				C1030AF42BE522C50015820C /* Authentication */,
			);
			path = API;
			sourceTree = "<group>";
		};
		C1C3A2D32B45AE9E009014F7 /* Views */ = {
			isa = PBXGroup;
			children = (
				C1C3A2D52B45B10B009014F7 /* AuthenticationView.swift */,
				C1C3A2D92B45B166009014F7 /* SignUpView.swift */,
				C1C3A2DB2B45B177009014F7 /* LoginView.swift */,
				C17917142C02121F0005E1B1 /* RoleView.swift */,
				C17917182C0249020005E1B1 /* RoleSelectionView.swift */,
			);
			path = Views;
			sourceTree = "<group>";
		};
		C1C3A2D42B45AEA3009014F7 /* ViewModels */ = {
			isa = PBXGroup;
			children = (
				C1030AF22BE51F2F0015820C /* AuthenticationViewModel.swift */,
				C1F1AA5B2C15AD7C00D10982 /* RoleSelectionViewModel.swift */,
			);
			path = ViewModels;
			sourceTree = "<group>";
		};
		C1DBD2262C5673B1004A1FD4 /* Views */ = {
			isa = PBXGroup;
			children = (
				C1DBD2272C5673C3004A1FD4 /* CustomMapView.swift */,
				C17A0AD92C5E44D2002576C4 /* CameraPuckLocationConsumer.swift */,
				C1FF37FC2C67B16000AE1877 /* CreateRestaurantView.swift */,
			);
			path = Views;
			sourceTree = "<group>";
		};
		C1DCDA902C1DD01E0087719B /* Dashboard */ = {
			isa = PBXGroup;
			children = (
				C16D39FE2CFCAFE70087F3CB /* ViewModels */,
				C16D39FB2CFCAC340087F3CB /* Models */,
				C1DBD2262C5673B1004A1FD4 /* Views */,
				C1DCDA912C1DD09B0087719B /* TabBarController.swift */,
				C1DBD21F2C565BDE004A1FD4 /* HomeViewController.swift */,
				C1DBD2212C566104004A1FD4 /* MapViewController.swift */,
				C1FF37FA2C67B12B00AE1877 /* CreateRestaurantViewController.swift */,
			);
			path = Dashboard;
			sourceTree = "<group>";
		};
		C1DCDA932C1DD5DD0087719B /* CustomViews */ = {
			isa = PBXGroup;
			children = (
				C1DCDA942C1DD6190087719B /* SuccessCheckmarkView.swift */,
				C17A0ADB2C5E48B4002576C4 /* MapInteractionButton.swift */,
			);
			path = CustomViews;
			sourceTree = "<group>";
		};
		C1E35E082B374EC6006E4AE4 = {
			isa = PBXGroup;
			children = (
				C1E35E132B374EC6006E4AE4 /* FoodRescue */,
				C1E35E122B374EC6006E4AE4 /* Products */,
			);
			sourceTree = "<group>";
		};
		C1E35E122B374EC6006E4AE4 /* Products */ = {
			isa = PBXGroup;
			children = (
				C1E35E112B374EC6006E4AE4 /* FoodRescue.app */,
			);
			name = Products;
			sourceTree = "<group>";
		};
		C1E35E132B374EC6006E4AE4 /* FoodRescue */ = {
			isa = PBXGroup;
			children = (
				C17A0ADD2C5E4913002576C4 /* Utilities */,
				C1DCDA932C1DD5DD0087719B /* CustomViews */,
				C1DCDA902C1DD01E0087719B /* Dashboard */,
				C1797CB82BF104E8000D6934 /* Helpers */,
				C12C4A8F2B49881E00E0B1D2 /* Extensions */,
				C1C3A2CC2B3B31C7009014F7 /* API */,
				C1E35E282B374F15006E4AE4 /* Authentication */,
				C1E35E142B374EC6006E4AE4 /* AppDelegate.swift */,
				C1E35E162B374EC6006E4AE4 /* SceneDelegate.swift */,
				C1E35E1D2B374EC7006E4AE4 /* Assets.xcassets */,
				C1E35E222B374EC7006E4AE4 /* Info.plist */,
			);
			path = FoodRescue;
			sourceTree = "<group>";
		};
		C1E35E282B374F15006E4AE4 /* Authentication */ = {
			isa = PBXGroup;
			children = (
				C1030AFC2BE5251D0015820C /* Models */,
				C1C3A2D42B45AEA3009014F7 /* ViewModels */,
				C1C3A2D32B45AE9E009014F7 /* Views */,
				C1C3A2CA2B3B3105009014F7 /* AuthenticationViewController.swift */,
				C1C3A2CF2B45AE8E009014F7 /* LogInViewController.swift */,
				C1C3A2D12B45AE98009014F7 /* SignUpViewController.swift */,
				C17917162C02122F0005E1B1 /* RoleSelectionViewController.swift */,
			);
			path = Authentication;
			sourceTree = "<group>";
		};
/* End PBXGroup section */

/* Begin PBXNativeTarget section */
		C1E35E102B374EC6006E4AE4 /* FoodRescue */ = {
			isa = PBXNativeTarget;
			buildConfigurationList = C1E35E252B374EC7006E4AE4 /* Build configuration list for PBXNativeTarget "FoodRescue" */;
			buildPhases = (
				C1E35E0D2B374EC6006E4AE4 /* Sources */,
				C1E35E0E2B374EC6006E4AE4 /* Frameworks */,
				C1E35E0F2B374EC6006E4AE4 /* Resources */,
				C1030B0A2BE57AFA0015820C /* Embed Frameworks */,
			);
			buildRules = (
			);
			dependencies = (
			);
			name = FoodRescue;
			packageProductDependencies = (
				C1C3A2C52B3B2751009014F7 /* JWTDecode */,
				C1C3A2C82B3B2FE6009014F7 /* KeychainSwift */,
				C1030AF82BE524740015820C /* Alamofire */,
				C1030B022BE549B90015820C /* RealmSwift */,
				C1DBD2242C56724B004A1FD4 /* MapboxMaps */,
			);
			productName = FoodRescue;
			productReference = C1E35E112B374EC6006E4AE4 /* FoodRescue.app */;
			productType = "com.apple.product-type.application";
		};
/* End PBXNativeTarget section */

/* Begin PBXProject section */
		C1E35E092B374EC6006E4AE4 /* Project object */ = {
			isa = PBXProject;
			attributes = {
				BuildIndependentTargetsInParallel = 1;
				LastSwiftUpdateCheck = 1430;
				LastUpgradeCheck = 1430;
				TargetAttributes = {
					C1E35E102B374EC6006E4AE4 = {
						CreatedOnToolsVersion = 14.3.1;
					};
				};
			};
			buildConfigurationList = C1E35E0C2B374EC6006E4AE4 /* Build configuration list for PBXProject "FoodRescue" */;
			compatibilityVersion = "Xcode 14.0";
			developmentRegion = en;
			hasScannedForEncodings = 0;
			knownRegions = (
				en,
				Base,
			);
			mainGroup = C1E35E082B374EC6006E4AE4;
			packageReferences = (
				C1C3A2C42B3B2751009014F7 /* XCRemoteSwiftPackageReference "JWTDecode" */,
				C1C3A2C72B3B2FE6009014F7 /* XCRemoteSwiftPackageReference "keychain-swift" */,
				C1030AF72BE524740015820C /* XCRemoteSwiftPackageReference "Alamofire" */,
				C1030AFF2BE549B90015820C /* XCRemoteSwiftPackageReference "realm-swift" */,
				C1DBD2232C56724A004A1FD4 /* XCRemoteSwiftPackageReference "mapbox-maps-ios" */,
			);
			productRefGroup = C1E35E122B374EC6006E4AE4 /* Products */;
			projectDirPath = "";
			projectRoot = "";
			targets = (
				C1E35E102B374EC6006E4AE4 /* FoodRescue */,
			);
		};
/* End PBXProject section */

/* Begin PBXResourcesBuildPhase section */
		C1E35E0F2B374EC6006E4AE4 /* Resources */ = {
			isa = PBXResourcesBuildPhase;
			buildActionMask = 2147483647;
			files = (
				C1E35E1E2B374EC7006E4AE4 /* Assets.xcassets in Resources */,
			);
			runOnlyForDeploymentPostprocessing = 0;
		};
/* End PBXResourcesBuildPhase section */

/* Begin PBXSourcesBuildPhase section */
		C1E35E0D2B374EC6006E4AE4 /* Sources */ = {
			isa = PBXSourcesBuildPhase;
			buildActionMask = 2147483647;
			files = (
				C17917172C02122F0005E1B1 /* RoleSelectionViewController.swift in Sources */,
				C1F1AA5C2C15AD7C00D10982 /* RoleSelectionViewModel.swift in Sources */,
				C1F1AA5E2C15ADE500D10982 /* RoleSelectionService.swift in Sources */,
				C16D3A012CFCB0010087F3CB /* RestaurantViewModel.swift in Sources */,
				C17A0AE52C5F8688002576C4 /* UIImageExtension.swift in Sources */,
				C1030AF32BE51F2F0015820C /* AuthenticationViewModel.swift in Sources */,
				C1C3A2DC2B45B177009014F7 /* LoginView.swift in Sources */,
				C17917192C0249020005E1B1 /* RoleSelectionView.swift in Sources */,
				C1030B0D2BE690470015820C /* RealmExtension.swift in Sources */,
				C16D39FD2CFCAE4F0087F3CB /* Restaurant.swift in Sources */,
				C17A0ADF2C5E4922002576C4 /* CameraLocationState.swift in Sources */,
				C1DBD2202C565BDE004A1FD4 /* HomeViewController.swift in Sources */,
				C1DCDA922C1DD09B0087719B /* TabBarController.swift in Sources */,
				C1C3A2D22B45AE98009014F7 /* SignUpViewController.swift in Sources */,
				C1C3A2CB2B3B3105009014F7 /* AuthenticationViewController.swift in Sources */,
				C1DCDA952C1DD6190087719B /* SuccessCheckmarkView.swift in Sources */,
				C1030B082BE54AB00015820C /* User.swift in Sources */,
				C1030AFE2BE5252F0015820C /* AuthResponse.swift in Sources */,
				C1C3A2C32B3B267A009014F7 /* JWTAuthentication.swift in Sources */,
				C17A0ADA2C5E44D2002576C4 /* CameraPuckLocationConsumer.swift in Sources */,
				C1030B062BE54A4B0015820C /* UserDB.swift in Sources */,
				C1C3A2D62B45B10B009014F7 /* AuthenticationView.swift in Sources */,
				C17917152C02121F0005E1B1 /* RoleView.swift in Sources */,
				C12C4A912B49884400E0B1D2 /* UITextFieldExtension.swift in Sources */,
				C12C4A932B49887400E0B1D2 /* UIColorExtension.swift in Sources */,
				C17A0ADC2C5E48B4002576C4 /* MapInteractionButton.swift in Sources */,
				C1C3A2DA2B45B166009014F7 /* SignUpView.swift in Sources */,
				C1DBD2282C5673C3004A1FD4 /* CustomMapView.swift in Sources */,
				C1797CBA2BF104FF000D6934 /* RealmMigrator.swift in Sources */,
				C16D39FA2CFC80B30087F3CB /* RestaurantsService.swift in Sources */,
				C1FF37FD2C67B16000AE1877 /* CreateRestaurantView.swift in Sources */,
				C1DBD2222C566104004A1FD4 /* MapViewController.swift in Sources */,
				C1E35E152B374EC6006E4AE4 /* AppDelegate.swift in Sources */,
				C1C3A2D02B45AE8E009014F7 /* LogInViewController.swift in Sources */,
				C1030AF62BE522DA0015820C /* AuthenticationService.swift in Sources */,
				C1FF37FB2C67B12B00AE1877 /* CreateRestaurantViewController.swift in Sources */,
				C1E35E172B374EC6006E4AE4 /* SceneDelegate.swift in Sources */,
			);
			runOnlyForDeploymentPostprocessing = 0;
		};
/* End PBXSourcesBuildPhase section */

/* Begin XCBuildConfiguration section */
		C1E35E232B374EC7006E4AE4 /* Debug */ = {
			isa = XCBuildConfiguration;
			buildSettings = {
				ALWAYS_SEARCH_USER_PATHS = NO;
				CLANG_ANALYZER_NONNULL = YES;
				CLANG_ANALYZER_NUMBER_OBJECT_CONVERSION = YES_AGGRESSIVE;
				CLANG_CXX_LANGUAGE_STANDARD = "gnu++20";
				CLANG_ENABLE_MODULES = YES;
				CLANG_ENABLE_OBJC_ARC = YES;
				CLANG_ENABLE_OBJC_WEAK = YES;
				CLANG_WARN_BLOCK_CAPTURE_AUTORELEASING = YES;
				CLANG_WARN_BOOL_CONVERSION = YES;
				CLANG_WARN_COMMA = YES;
				CLANG_WARN_CONSTANT_CONVERSION = YES;
				CLANG_WARN_DEPRECATED_OBJC_IMPLEMENTATIONS = YES;
				CLANG_WARN_DIRECT_OBJC_ISA_USAGE = YES_ERROR;
				CLANG_WARN_DOCUMENTATION_COMMENTS = YES;
				CLANG_WARN_EMPTY_BODY = YES;
				CLANG_WARN_ENUM_CONVERSION = YES;
				CLANG_WARN_INFINITE_RECURSION = YES;
				CLANG_WARN_INT_CONVERSION = YES;
				CLANG_WARN_NON_LITERAL_NULL_CONVERSION = YES;
				CLANG_WARN_OBJC_IMPLICIT_RETAIN_SELF = YES;
				CLANG_WARN_OBJC_LITERAL_CONVERSION = YES;
				CLANG_WARN_OBJC_ROOT_CLASS = YES_ERROR;
				CLANG_WARN_QUOTED_INCLUDE_IN_FRAMEWORK_HEADER = YES;
				CLANG_WARN_RANGE_LOOP_ANALYSIS = YES;
				CLANG_WARN_STRICT_PROTOTYPES = YES;
				CLANG_WARN_SUSPICIOUS_MOVE = YES;
				CLANG_WARN_UNGUARDED_AVAILABILITY = YES_AGGRESSIVE;
				CLANG_WARN_UNREACHABLE_CODE = YES;
				CLANG_WARN__DUPLICATE_METHOD_MATCH = YES;
				COPY_PHASE_STRIP = NO;
				DEBUG_INFORMATION_FORMAT = dwarf;
				ENABLE_STRICT_OBJC_MSGSEND = YES;
				ENABLE_TESTABILITY = YES;
				GCC_C_LANGUAGE_STANDARD = gnu11;
				GCC_DYNAMIC_NO_PIC = NO;
				GCC_NO_COMMON_BLOCKS = YES;
				GCC_OPTIMIZATION_LEVEL = 0;
				GCC_PREPROCESSOR_DEFINITIONS = (
					"DEBUG=1",
					"$(inherited)",
				);
				GCC_WARN_64_TO_32_BIT_CONVERSION = YES;
				GCC_WARN_ABOUT_RETURN_TYPE = YES_ERROR;
				GCC_WARN_UNDECLARED_SELECTOR = YES;
				GCC_WARN_UNINITIALIZED_AUTOS = YES_AGGRESSIVE;
				GCC_WARN_UNUSED_FUNCTION = YES;
				GCC_WARN_UNUSED_VARIABLE = YES;
				IPHONEOS_DEPLOYMENT_TARGET = 16.4;
				MTL_ENABLE_DEBUG_INFO = INCLUDE_SOURCE;
				MTL_FAST_MATH = YES;
				ONLY_ACTIVE_ARCH = YES;
				SDKROOT = iphoneos;
				SWIFT_ACTIVE_COMPILATION_CONDITIONS = DEBUG;
				SWIFT_OPTIMIZATION_LEVEL = "-Onone";
			};
			name = Debug;
		};
		C1E35E242B374EC7006E4AE4 /* Release */ = {
			isa = XCBuildConfiguration;
			buildSettings = {
				ALWAYS_SEARCH_USER_PATHS = NO;
				CLANG_ANALYZER_NONNULL = YES;
				CLANG_ANALYZER_NUMBER_OBJECT_CONVERSION = YES_AGGRESSIVE;
				CLANG_CXX_LANGUAGE_STANDARD = "gnu++20";
				CLANG_ENABLE_MODULES = YES;
				CLANG_ENABLE_OBJC_ARC = YES;
				CLANG_ENABLE_OBJC_WEAK = YES;
				CLANG_WARN_BLOCK_CAPTURE_AUTORELEASING = YES;
				CLANG_WARN_BOOL_CONVERSION = YES;
				CLANG_WARN_COMMA = YES;
				CLANG_WARN_CONSTANT_CONVERSION = YES;
				CLANG_WARN_DEPRECATED_OBJC_IMPLEMENTATIONS = YES;
				CLANG_WARN_DIRECT_OBJC_ISA_USAGE = YES_ERROR;
				CLANG_WARN_DOCUMENTATION_COMMENTS = YES;
				CLANG_WARN_EMPTY_BODY = YES;
				CLANG_WARN_ENUM_CONVERSION = YES;
				CLANG_WARN_INFINITE_RECURSION = YES;
				CLANG_WARN_INT_CONVERSION = YES;
				CLANG_WARN_NON_LITERAL_NULL_CONVERSION = YES;
				CLANG_WARN_OBJC_IMPLICIT_RETAIN_SELF = YES;
				CLANG_WARN_OBJC_LITERAL_CONVERSION = YES;
				CLANG_WARN_OBJC_ROOT_CLASS = YES_ERROR;
				CLANG_WARN_QUOTED_INCLUDE_IN_FRAMEWORK_HEADER = YES;
				CLANG_WARN_RANGE_LOOP_ANALYSIS = YES;
				CLANG_WARN_STRICT_PROTOTYPES = YES;
				CLANG_WARN_SUSPICIOUS_MOVE = YES;
				CLANG_WARN_UNGUARDED_AVAILABILITY = YES_AGGRESSIVE;
				CLANG_WARN_UNREACHABLE_CODE = YES;
				CLANG_WARN__DUPLICATE_METHOD_MATCH = YES;
				COPY_PHASE_STRIP = NO;
				DEBUG_INFORMATION_FORMAT = "dwarf-with-dsym";
				ENABLE_NS_ASSERTIONS = NO;
				ENABLE_STRICT_OBJC_MSGSEND = YES;
				GCC_C_LANGUAGE_STANDARD = gnu11;
				GCC_NO_COMMON_BLOCKS = YES;
				GCC_WARN_64_TO_32_BIT_CONVERSION = YES;
				GCC_WARN_ABOUT_RETURN_TYPE = YES_ERROR;
				GCC_WARN_UNDECLARED_SELECTOR = YES;
				GCC_WARN_UNINITIALIZED_AUTOS = YES_AGGRESSIVE;
				GCC_WARN_UNUSED_FUNCTION = YES;
				GCC_WARN_UNUSED_VARIABLE = YES;
				IPHONEOS_DEPLOYMENT_TARGET = 16.4;
				MTL_ENABLE_DEBUG_INFO = NO;
				MTL_FAST_MATH = YES;
				SDKROOT = iphoneos;
				SWIFT_COMPILATION_MODE = wholemodule;
				SWIFT_OPTIMIZATION_LEVEL = "-O";
				VALIDATE_PRODUCT = YES;
			};
			name = Release;
		};
		C1E35E262B374EC7006E4AE4 /* Debug */ = {
			isa = XCBuildConfiguration;
			buildSettings = {
				ASSETCATALOG_COMPILER_APPICON_NAME = AppIcon;
				ASSETCATALOG_COMPILER_GLOBAL_ACCENT_COLOR_NAME = AccentColor;
				CODE_SIGN_STYLE = Automatic;
				CURRENT_PROJECT_VERSION = 1;
				DEVELOPMENT_TEAM = 553GFM6GWL;
				GENERATE_INFOPLIST_FILE = YES;
				INFOPLIST_FILE = FoodRescue/Info.plist;
				INFOPLIST_KEY_CFBundleDisplayName = "";
				INFOPLIST_KEY_LSApplicationCategoryType = pk.eyJ1IjoiaWdhbmNoZXY0NSIsImEiOiJjbDZ3NmN6MzQwODlwM2pwOTZ5ajl1eXMxIn0.JJTIWnYqH9SlxapZMfGM1g;
				INFOPLIST_KEY_NSLocationAlwaysAndWhenInUseUsageDescription = "";
				INFOPLIST_KEY_NSLocationWhenInUseUsageDescription = "";
				INFOPLIST_KEY_UIApplicationSupportsIndirectInputEvents = YES;
				INFOPLIST_KEY_UILaunchStoryboardName = LaunchScreen;
				INFOPLIST_KEY_UIMainStoryboardFile = "";
				INFOPLIST_KEY_UISupportedInterfaceOrientations_iPad = "UIInterfaceOrientationPortrait UIInterfaceOrientationPortraitUpsideDown UIInterfaceOrientationLandscapeLeft UIInterfaceOrientationLandscapeRight";
				INFOPLIST_KEY_UISupportedInterfaceOrientations_iPhone = "UIInterfaceOrientationPortrait UIInterfaceOrientationLandscapeLeft UIInterfaceOrientationLandscapeRight";
				LD_RUNPATH_SEARCH_PATHS = (
					"$(inherited)",
					"@executable_path/Frameworks",
				);
				MARKETING_VERSION = 1.0;
				PRODUCT_BUNDLE_IDENTIFIER = Doer.FoodRescue;
				PRODUCT_NAME = "$(TARGET_NAME)";
				SWIFT_EMIT_LOC_STRINGS = YES;
				SWIFT_VERSION = 5.0;
				TARGETED_DEVICE_FAMILY = "1,2";
			};
			name = Debug;
		};
		C1E35E272B374EC7006E4AE4 /* Release */ = {
			isa = XCBuildConfiguration;
			buildSettings = {
				ASSETCATALOG_COMPILER_APPICON_NAME = AppIcon;
				ASSETCATALOG_COMPILER_GLOBAL_ACCENT_COLOR_NAME = AccentColor;
				CODE_SIGN_STYLE = Automatic;
				CURRENT_PROJECT_VERSION = 1;
				DEVELOPMENT_TEAM = 553GFM6GWL;
				GENERATE_INFOPLIST_FILE = YES;
				INFOPLIST_FILE = FoodRescue/Info.plist;
				INFOPLIST_KEY_CFBundleDisplayName = "";
				INFOPLIST_KEY_LSApplicationCategoryType = pk.eyJ1IjoiaWdhbmNoZXY0NSIsImEiOiJjbDZ3NmN6MzQwODlwM2pwOTZ5ajl1eXMxIn0.JJTIWnYqH9SlxapZMfGM1g;
				INFOPLIST_KEY_NSLocationAlwaysAndWhenInUseUsageDescription = "";
				INFOPLIST_KEY_NSLocationWhenInUseUsageDescription = "";
				INFOPLIST_KEY_UIApplicationSupportsIndirectInputEvents = YES;
				INFOPLIST_KEY_UILaunchStoryboardName = LaunchScreen;
				INFOPLIST_KEY_UIMainStoryboardFile = "";
				INFOPLIST_KEY_UISupportedInterfaceOrientations_iPad = "UIInterfaceOrientationPortrait UIInterfaceOrientationPortraitUpsideDown UIInterfaceOrientationLandscapeLeft UIInterfaceOrientationLandscapeRight";
				INFOPLIST_KEY_UISupportedInterfaceOrientations_iPhone = "UIInterfaceOrientationPortrait UIInterfaceOrientationLandscapeLeft UIInterfaceOrientationLandscapeRight";
				LD_RUNPATH_SEARCH_PATHS = (
					"$(inherited)",
					"@executable_path/Frameworks",
				);
				MARKETING_VERSION = 1.0;
				PRODUCT_BUNDLE_IDENTIFIER = Doer.FoodRescue;
				PRODUCT_NAME = "$(TARGET_NAME)";
				SWIFT_EMIT_LOC_STRINGS = YES;
				SWIFT_VERSION = 5.0;
				TARGETED_DEVICE_FAMILY = "1,2";
			};
			name = Release;
		};
/* End XCBuildConfiguration section */

/* Begin XCConfigurationList section */
		C1E35E0C2B374EC6006E4AE4 /* Build configuration list for PBXProject "FoodRescue" */ = {
			isa = XCConfigurationList;
			buildConfigurations = (
				C1E35E232B374EC7006E4AE4 /* Debug */,
				C1E35E242B374EC7006E4AE4 /* Release */,
			);
			defaultConfigurationIsVisible = 0;
			defaultConfigurationName = Release;
		};
		C1E35E252B374EC7006E4AE4 /* Build configuration list for PBXNativeTarget "FoodRescue" */ = {
			isa = XCConfigurationList;
			buildConfigurations = (
				C1E35E262B374EC7006E4AE4 /* Debug */,
				C1E35E272B374EC7006E4AE4 /* Release */,
			);
			defaultConfigurationIsVisible = 0;
			defaultConfigurationName = Release;
		};
/* End XCConfigurationList section */

/* Begin XCRemoteSwiftPackageReference section */
		C1030AF72BE524740015820C /* XCRemoteSwiftPackageReference "Alamofire" */ = {
			isa = XCRemoteSwiftPackageReference;
			repositoryURL = "https://github.com/Alamofire/Alamofire";
			requirement = {
				kind = upToNextMajorVersion;
				minimumVersion = 5.9.1;
			};
		};
		C1030AFF2BE549B90015820C /* XCRemoteSwiftPackageReference "realm-swift" */ = {
			isa = XCRemoteSwiftPackageReference;
			repositoryURL = "https://github.com/realm/realm-swift.git";
			requirement = {
				branch = master;
				kind = branch;
			};
		};
		C1C3A2C42B3B2751009014F7 /* XCRemoteSwiftPackageReference "JWTDecode" */ = {
			isa = XCRemoteSwiftPackageReference;
			repositoryURL = "https://github.com/auth0/JWTDecode.swift";
			requirement = {
				kind = upToNextMajorVersion;
				minimumVersion = 3.0.0;
			};
		};
		C1C3A2C72B3B2FE6009014F7 /* XCRemoteSwiftPackageReference "keychain-swift" */ = {
			isa = XCRemoteSwiftPackageReference;
			repositoryURL = "https://github.com/evgenyneu/keychain-swift";
			requirement = {
				kind = upToNextMajorVersion;
				minimumVersion = 20.0.0;
			};
		};
		C1DBD2232C56724A004A1FD4 /* XCRemoteSwiftPackageReference "mapbox-maps-ios" */ = {
			isa = XCRemoteSwiftPackageReference;
			repositoryURL = "https://github.com/mapbox/mapbox-maps-ios";
			requirement = {
				kind = exactVersion;
				version = 10.8.1;
			};
		};
/* End XCRemoteSwiftPackageReference section */

/* Begin XCSwiftPackageProductDependency section */
		C1030AF82BE524740015820C /* Alamofire */ = {
			isa = XCSwiftPackageProductDependency;
			package = C1030AF72BE524740015820C /* XCRemoteSwiftPackageReference "Alamofire" */;
			productName = Alamofire;
		};
		C1030B022BE549B90015820C /* RealmSwift */ = {
			isa = XCSwiftPackageProductDependency;
			package = C1030AFF2BE549B90015820C /* XCRemoteSwiftPackageReference "realm-swift" */;
			productName = RealmSwift;
		};
		C1C3A2C52B3B2751009014F7 /* JWTDecode */ = {
			isa = XCSwiftPackageProductDependency;
			package = C1C3A2C42B3B2751009014F7 /* XCRemoteSwiftPackageReference "JWTDecode" */;
			productName = JWTDecode;
		};
		C1C3A2C82B3B2FE6009014F7 /* KeychainSwift */ = {
			isa = XCSwiftPackageProductDependency;
			package = C1C3A2C72B3B2FE6009014F7 /* XCRemoteSwiftPackageReference "keychain-swift" */;
			productName = KeychainSwift;
		};
		C1DBD2242C56724B004A1FD4 /* MapboxMaps */ = {
			isa = XCSwiftPackageProductDependency;
			package = C1DBD2232C56724A004A1FD4 /* XCRemoteSwiftPackageReference "mapbox-maps-ios" */;
			productName = MapboxMaps;
		};
/* End XCSwiftPackageProductDependency section */
	};
	rootObject = C1E35E092B374EC6006E4AE4 /* Project object */;
}
